// !$*UTF8*$!
{
	archiveVersion = 1;
	classes = {
	};
	objectVersion = 50;
	objects = {

/* Begin PBXBuildFile section */
		D41EEADE267A3D9E005D32C6 /* AppDelegate.swift in Sources */ = {isa = PBXBuildFile; fileRef = D41EEADD267A3D9E005D32C6 /* AppDelegate.swift */; };
		D41EEAE0267A3D9E005D32C6 /* SceneDelegate.swift in Sources */ = {isa = PBXBuildFile; fileRef = D41EEADF267A3D9E005D32C6 /* SceneDelegate.swift */; };
		D41EEAE2267A3D9E005D32C6 /* ViewController.swift in Sources */ = {isa = PBXBuildFile; fileRef = D41EEAE1267A3D9E005D32C6 /* ViewController.swift */; };
		D41EEAE5267A3D9E005D32C6 /* Main.storyboard in Resources */ = {isa = PBXBuildFile; fileRef = D41EEAE3267A3D9E005D32C6 /* Main.storyboard */; };
		D41EEAE7267A3DA0005D32C6 /* Assets.xcassets in Resources */ = {isa = PBXBuildFile; fileRef = D41EEAE6267A3DA0005D32C6 /* Assets.xcassets */; };
		D41EEAEA267A3DA0005D32C6 /* LaunchScreen.storyboard in Resources */ = {isa = PBXBuildFile; fileRef = D41EEAE8267A3DA0005D32C6 /* LaunchScreen.storyboard */; };
		D41EEAFB267A3E24005D32C6 /* CatOrDog.mlmodel in Sources */ = {isa = PBXBuildFile; fileRef = D41EEAFA267A3E24005D32C6 /* CatOrDog.mlmodel */; };
/* End PBXBuildFile section */

/* Begin PBXFileReference section */
		D41EEADA267A3D9E005D32C6 /* CatOrDog.app */ = {isa = PBXFileReference; explicitFileType = wrapper.application; includeInIndex = 0; path = CatOrDog.app; sourceTree = BUILT_PRODUCTS_DIR; };
		D41EEADD267A3D9E005D32C6 /* AppDelegate.swift */ = {isa = PBXFileReference; lastKnownFileType = sourcecode.swift; path = AppDelegate.swift; sourceTree = "<group>"; };
		D41EEADF267A3D9E005D32C6 /* SceneDelegate.swift */ = {isa = PBXFileReference; lastKnownFileType = sourcecode.swift; path = SceneDelegate.swift; sourceTree = "<group>"; };
		D41EEAE1267A3D9E005D32C6 /* ViewController.swift */ = {isa = PBXFileReference; lastKnownFileType = sourcecode.swift; path = ViewController.swift; sourceTree = "<group>"; };
		D41EEAE4267A3D9E005D32C6 /* Base */ = {isa = PBXFileReference; lastKnownFileType = file.storyboard; name = Base; path = Base.lproj/Main.storyboard; sourceTree = "<group>"; };
		D41EEAE6267A3DA0005D32C6 /* Assets.xcassets */ = {isa = PBXFileReference; lastKnownFileType = folder.assetcatalog; path = Assets.xcassets; sourceTree = "<group>"; };
		D41EEAE9267A3DA0005D32C6 /* Base */ = {isa = PBXFileReference; lastKnownFileType = file.storyboard; name = Base; path = Base.lproj/LaunchScreen.storyboard; sourceTree = "<group>"; };
		D41EEAEB267A3DA0005D32C6 /* Info.plist */ = {isa = PBXFileReference; lastKnownFileType = text.plist.xml; path = Info.plist; sourceTree = "<group>"; };
		D41EEAFA267A3E24005D32C6 /* CatOrDog.mlmodel */ = {isa = PBXFileReference; lastKnownFileType = file.mlmodel; path = CatOrDog.mlmodel; sourceTree = SOURCE_ROOT; };
/* End PBXFileReference section */

/* Begin PBXFrameworksBuildPhase section */
		D41EEAD7267A3D9E005D32C6 /* Frameworks */ = {
			isa = PBXFrameworksBuildPhase;
			buildActionMask = 2147483647;
			files = (
			);
			runOnlyForDeploymentPostprocessing = 0;
		};
/* End PBXFrameworksBuildPhase section */

/* Begin PBXGroup section */
		D41EEAD1267A3D9E005D32C6 = {
			isa = PBXGroup;
			children = (
				D41EEADC267A3D9E005D32C6 /* CatOrDog */,
				D41EEADB267A3D9E005D32C6 /* Products */,
			);
			sourceTree = "<group>";
		};
		D41EEADB267A3D9E005D32C6 /* Products */ = {
			isa = PBXGroup;
			children = (
				D41EEADA267A3D9E005D32C6 /* CatOrDog.app */,
			);
			name = Products;
			sourceTree = "<group>";
		};
		D41EEADC267A3D9E005D32C6 /* CatOrDog */ = {
			isa = PBXGroup;
			children = (
				D41EEADD267A3D9E005D32C6 /* AppDelegate.swift */,
				D41EEADF267A3D9E005D32C6 /* SceneDelegate.swift */,
				D41EEAFA267A3E24005D32C6 /* CatOrDog.mlmodel */,
				D41EEAE1267A3D9E005D32C6 /* ViewController.swift */,
				D41EEAE3267A3D9E005D32C6 /* Main.storyboard */,
				D41EEAE6267A3DA0005D32C6 /* Assets.xcassets */,
				D41EEAE8267A3DA0005D32C6 /* LaunchScreen.storyboard */,
				D41EEAEB267A3DA0005D32C6 /* Info.plist */,
			);
			path = CatOrDog;
			sourceTree = "<group>";
		};
/* End PBXGroup section */

/* Begin PBXNativeTarget section */
		D41EEAD9267A3D9E005D32C6 /* CatOrDog */ = {
			isa = PBXNativeTarget;
			buildConfigurationList = D41EEAEE267A3DA0005D32C6 /* Build configuration list for PBXNativeTarget "CatOrDog" */;
			buildPhases = (
				D41EEAD6267A3D9E005D32C6 /* Sources */,
				D41EEAD7267A3D9E005D32C6 /* Frameworks */,
				D41EEAD8267A3D9E005D32C6 /* Resources */,
			);
			buildRules = (
			);
			dependencies = (
			);
			name = CatOrDog;
			productName = CatOrDog;
			productReference = D41EEADA267A3D9E005D32C6 /* CatOrDog.app */;
			productType = "com.apple.product-type.application";
		};
/* End PBXNativeTarget section */

/* Begin PBXProject section */
		D41EEAD2267A3D9E005D32C6 /* Project object */ = {
			isa = PBXProject;
			attributes = {
				LastSwiftUpdateCheck = 1240;
				LastUpgradeCheck = 1240;
				TargetAttributes = {
					D41EEAD9267A3D9E005D32C6 = {
						CreatedOnToolsVersion = 12.4;
					};
				};
			};
			buildConfigurationList = D41EEAD5267A3D9E005D32C6 /* Build configuration list for PBXProject "CatOrDog" */;
			compatibilityVersion = "Xcode 9.3";
			developmentRegion = en;
			hasScannedForEncodings = 0;
			knownRegions = (
				en,
				Base,
			);
			mainGroup = D41EEAD1267A3D9E005D32C6;
			productRefGroup = D41EEADB267A3D9E005D32C6 /* Products */;
			projectDirPath = "";
			projectRoot = "";
			targets = (
				D41EEAD9267A3D9E005D32C6 /* CatOrDog */,
			);
		};
/* End PBXProject section */

/* Begin PBXResourcesBuildPhase section */
		D41EEAD8267A3D9E005D32C6 /* Resources */ = {
			isa = PBXResourcesBuildPhase;
			buildActionMask = 2147483647;
			files = (
				D41EEAEA267A3DA0005D32C6 /* LaunchScreen.storyboard in Resources */,
				D41EEAE7267A3DA0005D32C6 /* Assets.xcassets in Resources */,
				D41EEAE5267A3D9E005D32C6 /* Main.storyboard in Resources */,
			);
			runOnlyForDeploymentPostprocessing = 0;
		};
/* End PBXResourcesBuildPhase section */

/* Begin PBXSourcesBuildPhase section */
		D41EEAD6267A3D9E005D32C6 /* Sources */ = {
			isa = PBXSourcesBuildPhase;
			buildActionMask = 2147483647;
			files = (
				D41EEAE2267A3D9E005D32C6 /* ViewController.swift in Sources */,
				D41EEADE267A3D9E005D32C6 /* AppDelegate.swift in Sources */,
				D41EEAE0267A3D9E005D32C6 /* SceneDelegate.swift in Sources */,
				D41EEAFB267A3E24005D32C6 /* CatOrDog.mlmodel in Sources */,
			);
			runOnlyForDeploymentPostprocessing = 0;
		};
/* End PBXSourcesBuildPhase section */

/* Begin PBXVariantGroup section */
		D41EEAE3267A3D9E005D32C6 /* Main.storyboard */ = {
			isa = PBXVariantGroup;
			children = (
				D41EEAE4267A3D9E005D32C6 /* Base */,
			);
			name = Main.storyboard;
			sourceTree = "<group>";
		};
		D41EEAE8267A3DA0005D32C6 /* LaunchScreen.storyboard */ = {
			isa = PBXVariantGroup;
			children = (
				D41EEAE9267A3DA0005D32C6 /* Base */,
			);
			name = LaunchScreen.storyboard;
			sourceTree = "<group>";
		};
/* End PBXVariantGroup section */

/* Begin XCBuildConfiguration section */
		D41EEAEC267A3DA0005D32C6 /* Debug */ = {
			isa = XCBuildConfiguration;
			buildSettings = {
				ALWAYS_SEARCH_USER_PATHS = NO;
				CLANG_ANALYZER_NONNULL = YES;
				CLANG_ANALYZER_NUMBER_OBJECT_CONVERSION = YES_AGGRESSIVE;
				CLANG_CXX_LANGUAGE_STANDARD = "gnu++14";
				CLANG_CXX_LIBRARY = "libc++";
				CLANG_ENABLE_MODULES = YES;
				CLANG_ENABLE_OBJC_ARC = YES;
				CLANG_ENABLE_OBJC_WEAK = YES;
				CLANG_WARN_BLOCK_CAPTURE_AUTORELEASING = YES;
				CLANG_WARN_BOOL_CONVERSION = YES;
				CLANG_WARN_COMMA = YES;
				CLANG_WARN_CONSTANT_CONVERSION = YES;
				CLANG_WARN_DEPRECATED_OBJC_IMPLEMENTATIONS = YES;
				CLANG_WARN_DIRECT_OBJC_ISA_USAGE = YES_ERROR;
				CLANG_WARN_DOCUMENTATION_COMMENTS = YES;
				CLANG_WARN_EMPTY_BODY = YES;
				CLANG_WARN_ENUM_CONVERSION = YES;
				CLANG_WARN_INFINITE_RECURSION = YES;
				CLANG_WARN_INT_CONVERSION = YES;
				CLANG_WARN_NON_LITERAL_NULL_CONVERSION = YES;
				CLANG_WARN_OBJC_IMPLICIT_RETAIN_SELF = YES;
				CLANG_WARN_OBJC_LITERAL_CONVERSION = YES;
				CLANG_WARN_OBJC_ROOT_CLASS = YES_ERROR;
				CLANG_WARN_QUOTED_INCLUDE_IN_FRAMEWORK_HEADER = YES;
				CLANG_WARN_RANGE_LOOP_ANALYSIS = YES;
				CLANG_WARN_STRICT_PROTOTYPES = YES;
				CLANG_WARN_SUSPICIOUS_MOVE = YES;
				CLANG_WARN_UNGUARDED_AVAILABILITY = YES_AGGRESSIVE;
				CLANG_WARN_UNREACHABLE_CODE = YES;
				CLANG_WARN__DUPLICATE_METHOD_MATCH = YES;
				COPY_PHASE_STRIP = NO;
				DEBUG_INFORMATION_FORMAT = dwarf;
				ENABLE_STRICT_OBJC_MSGSEND = YES;
				ENABLE_TESTABILITY = YES;
				GCC_C_LANGUAGE_STANDARD = gnu11;
				GCC_DYNAMIC_NO_PIC = NO;
				GCC_NO_COMMON_BLOCKS = YES;
				GCC_OPTIMIZATION_LEVEL = 0;
				GCC_PREPROCESSOR_DEFINITIONS = (
					"DEBUG=1",
					"$(inherited)",
				);
				GCC_WARN_64_TO_32_BIT_CONVERSION = YES;
				GCC_WARN_ABOUT_RETURN_TYPE = YES_ERROR;
				GCC_WARN_UNDECLARED_SELECTOR = YES;
				GCC_WARN_UNINITIALIZED_AUTOS = YES_AGGRESSIVE;
				GCC_WARN_UNUSED_FUNCTION = YES;
				GCC_WARN_UNUSED_VARIABLE = YES;
				IPHONEOS_DEPLOYMENT_TARGET = 14.6;
				MTL_ENABLE_DEBUG_INFO = INCLUDE_SOURCE;
				MTL_FAST_MATH = YES;
				ONLY_ACTIVE_ARCH = YES;
				SDKROOT = iphoneos;
				SWIFT_ACTIVE_COMPILATION_CONDITIONS = DEBUG;
				SWIFT_OPTIMIZATION_LEVEL = "-Onone";
			};
			name = Debug;
		};
		D41EEAED267A3DA0005D32C6 /* Release */ = {
			isa = XCBuildConfiguration;
			buildSettings = {
				ALWAYS_SEARCH_USER_PATHS = NO;
				CLANG_ANALYZER_NONNULL = YES;
				CLANG_ANALYZER_NUMBER_OBJECT_CONVERSION = YES_AGGRESSIVE;
				CLANG_CXX_LANGUAGE_STANDARD = "gnu++14";
				CLANG_CXX_LIBRARY = "libc++";
				CLANG_ENABLE_MODULES = YES;
				CLANG_ENABLE_OBJC_ARC = YES;
				CLANG_ENABLE_OBJC_WEAK = YES;
				CLANG_WARN_BLOCK_CAPTURE_AUTORELEASING = YES;
				CLANG_WARN_BOOL_CONVERSION = YES;
				CLANG_WARN_COMMA = YES;
				CLANG_WARN_CONSTANT_CONVERSION = YES;
				CLANG_WARN_DEPRECATED_OBJC_IMPLEMENTATIONS = YES;
				CLANG_WARN_DIRECT_OBJC_ISA_USAGE = YES_ERROR;
				CLANG_WARN_DOCUMENTATION_COMMENTS = YES;
				CLANG_WARN_EMPTY_BODY = YES;
				CLANG_WARN_ENUM_CONVERSION = YES;
				CLANG_WARN_INFINITE_RECURSION = YES;
				CLANG_WARN_INT_CONVERSION = YES;
				CLANG_WARN_NON_LITERAL_NULL_CONVERSION = YES;
				CLANG_WARN_OBJC_IMPLICIT_RETAIN_SELF = YES;
				CLANG_WARN_OBJC_LITERAL_CONVERSION = YES;
				CLANG_WARN_OBJC_ROOT_CLASS = YES_ERROR;
				CLANG_WARN_QUOTED_INCLUDE_IN_FRAMEWORK_HEADER = YES;
				CLANG_WARN_RANGE_LOOP_ANALYSIS = YES;
				CLANG_WARN_STRICT_PROTOTYPES = YES;
				CLANG_WARN_SUSPICIOUS_MOVE = YES;
				CLANG_WARN_UNGUARDED_AVAILABILITY = YES_AGGRESSIVE;
				CLANG_WARN_UNREACHABLE_CODE = YES;
				CLANG_WARN__DUPLICATE_METHOD_MATCH = YES;
				COPY_PHASE_STRIP = NO;
				DEBUG_INFORMATION_FORMAT = "dwarf-with-dsym";
				ENABLE_NS_ASSERTIONS = NO;
				ENABLE_STRICT_OBJC_MSGSEND = YES;
				GCC_C_LANGUAGE_STANDARD = gnu11;
				GCC_NO_COMMON_BLOCKS = YES;
				GCC_WARN_64_TO_32_BIT_CONVERSION = YES;
				GCC_WARN_ABOUT_RETURN_TYPE = YES_ERROR;
				GCC_WARN_UNDECLARED_SELECTOR = YES;
				GCC_WARN_UNINITIALIZED_AUTOS = YES_AGGRESSIVE;
				GCC_WARN_UNUSED_FUNCTION = YES;
				GCC_WARN_UNUSED_VARIABLE = YES;
				IPHONEOS_DEPLOYMENT_TARGET = 14.6;
				MTL_ENABLE_DEBUG_INFO = NO;
				MTL_FAST_MATH = YES;
				SDKROOT = iphoneos;
				SWIFT_COMPILATION_MODE = wholemodule;
				SWIFT_OPTIMIZATION_LEVEL = "-O";
				VALIDATE_PRODUCT = YES;
			};
			name = Release;
		};
		D41EEAEF267A3DA0005D32C6 /* Debug */ = {
			isa = XCBuildConfiguration;
			buildSettings = {
				ASSETCATALOG_COMPILER_APPICON_NAME = AppIcon;
				ASSETCATALOG_COMPILER_GLOBAL_ACCENT_COLOR_NAME = AccentColor;
				CODE_SIGN_STYLE = Automatic;
				DEVELOPMENT_TEAM = J9ZD55BC9Y;
				INFOPLIST_FILE = CatOrDog/Info.plist;
				IPHONEOS_DEPLOYMENT_TARGET = 14.4;
				LD_RUNPATH_SEARCH_PATHS = (
					"$(inherited)",
					"@executable_path/Frameworks",
				);
				PRODUCT_BUNDLE_IDENTIFIER = BSU.CatOrDog;
				PRODUCT_NAME = "$(TARGET_NAME)";
				SWIFT_VERSION = 5.0;
				TARGETED_DEVICE_FAMILY = "1,2";
			};
			name = Debug;
		};
		D41EEAF0267A3DA0005D32C6 /* Release */ = {
			isa = XCBuildConfiguration;
			buildSettings = {
				ASSETCATALOG_COMPILER_APPICON_NAME = AppIcon;
				ASSETCATALOG_COMPILER_GLOBAL_ACCENT_COLOR_NAME = AccentColor;
				CODE_SIGN_STYLE = Automatic;
				DEVELOPMENT_TEAM = J9ZD55BC9Y;
				INFOPLIST_FILE = CatOrDog/Info.plist;
				IPHONEOS_DEPLOYMENT_TARGET = 14.4;
				LD_RUNPATH_SEARCH_PATHS = (
					"$(inherited)",
					"@executable_path/Frameworks",
				);
				PRODUCT_BUNDLE_IDENTIFIER = BSU.CatOrDog;
				PRODUCT_NAME = "$(TARGET_NAME)";
				SWIFT_VERSION = 5.0;
				TARGETED_DEVICE_FAMILY = "1,2";
			};
			name = Release;
		};
/* End XCBuildConfiguration section */

/* Begin XCConfigurationList section */
		D41EEAD5267A3D9E005D32C6 /* Build configuration list for PBXProject "CatOrDog" */ = {
			isa = XCConfigurationList;
			buildConfigurations = (
				D41EEAEC267A3DA0005D32C6 /* Debug */,
				D41EEAED267A3DA0005D32C6 /* Release */,
			);
			defaultConfigurationIsVisible = 0;
			defaultConfigurationName = Release;
		};
		D41EEAEE267A3DA0005D32C6 /* Build configuration list for PBXNativeTarget "CatOrDog" */ = {
			isa = XCConfigurationList;
			buildConfigurations = (
				D41EEAEF267A3DA0005D32C6 /* Debug */,
				D41EEAF0267A3DA0005D32C6 /* Release */,
			);
			defaultConfigurationIsVisible = 0;
			defaultConfigurationName = Release;
		};
/* End XCConfigurationList section */
	};
	rootObject = D41EEAD2267A3D9E005D32C6 /* Project object */;
}
